
Microsoft Visual Studio Solution File, Format Version 12.00
# Visual Studio 15
VisualStudioVersion = 15.0.28307.136
MinimumVisualStudioVersion = 10.0.40219.1
Project("{FAE04EC0-301F-11D3-BF4B-00C04F79EFBC}") = "Example1.Android", "Example1\Example1.Android\Example1.Android.csproj", "{5794194A-3FD1-42B5-8D5F-C10B60155CD8}"
EndProject
Project("{FAE04EC0-301F-11D3-BF4B-00C04F79EFBC}") = "Example1.iOS", "Example1\Example1.iOS\Example1.iOS.csproj", "{608344E9-54E1-4BA2-8D99-C74E237AF5E4}"
EndProject
Project("{9A19103F-16F7-4668-BE54-9A1E7A4F7556}") = "Example1", "Example1\Example1\Example1.csproj", "{B77FC566-A056-4D2E-8339-7F0C2E1F32B0}"
EndProject
Project("{FAE04EC0-301F-11D3-BF4B-00C04F79EFBC}") = "MonoGame.Framework.iOSForms", "..\..\MonoGame.Framework\MonoGame.Framework.iOSForms.csproj", "{B108B16B-3412-43F5-A674-F70DD63CD58F}"
EndProject
Project("{FAE04EC0-301F-11D3-BF4B-00C04F79EFBC}") = "MonoGame.Framework.AndroidForms", "..\..\MonoGame.Framework\MonoGame.Framework.AndroidForms.csproj", "{B63A68AC-B15A-47D9-B593-C395297C841C}"
EndProject
Project("{FAE04EC0-301F-11D3-BF4B-00C04F79EFBC}") = "MonoGame.Framework.WindowsUniversal", "..\..\MonoGame.Framework\MonoGame.Framework.WindowsUniversal.csproj", "{09C41A48-7BF3-4A46-9EB8-CE95B4C27CA9}"
EndProject
Project("{FAE04EC0-301F-11D3-BF4B-00C04F79EFBC}") = "Example1.UWP", "Example1\Example1.UWP\Example1.UWP.csproj", "{A2896FDD-706D-4AC0-9ADD-85C04897991C}"
EndProject
Project("{FAE04EC0-301F-11D3-BF4B-00C04F79EFBC}") = "Example1.WPF", "Example1\Example1.WPF\Example1.WPF.csproj", "{9ECFC99F-01DC-4A06-85B4-24630B91EDBB}"
EndProject
Project("{FAE04EC0-301F-11D3-BF4B-00C04F79EFBC}") = "MonoGame.Framework.WPFForms", "..\..\MonoGame.Framework\MonoGame.Framework.WPFForms.csproj", "{22F3D774-5B49-4B5D-9480-6B5E9DE95234}"
EndProject
Project("{FAE04EC0-301F-11D3-BF4B-00C04F79EFBC}") = "MonoGame.Framework.Windows", "..\..\MonoGame.Framework\MonoGame.Framework.Windows.csproj", "{7DE47032-A904-4C29-BD22-2D235E8D91BA}"
EndProject
Global
	GlobalSection(SolutionConfigurationPlatforms) = preSolution
		Ad-Hoc|Any CPU = Ad-Hoc|Any CPU
		Ad-Hoc|ARM = Ad-Hoc|ARM
		Ad-Hoc|ARM64 = Ad-Hoc|ARM64
		Ad-Hoc|iPhone = Ad-Hoc|iPhone
		Ad-Hoc|iPhoneSimulator = Ad-Hoc|iPhoneSimulator
		Ad-Hoc|x64 = Ad-Hoc|x64
		Ad-Hoc|x86 = Ad-Hoc|x86
		AppStore|Any CPU = AppStore|Any CPU
		AppStore|ARM = AppStore|ARM
		AppStore|ARM64 = AppStore|ARM64
		AppStore|iPhone = AppStore|iPhone
		AppStore|iPhoneSimulator = AppStore|iPhoneSimulator
		AppStore|x64 = AppStore|x64
		AppStore|x86 = AppStore|x86
		Debug|Any CPU = Debug|Any CPU
		Debug|ARM = Debug|ARM
		Debug|ARM64 = Debug|ARM64
		Debug|iPhone = Debug|iPhone
		Debug|iPhoneSimulator = Debug|iPhoneSimulator
		Debug|x64 = Debug|x64
		Debug|x86 = Debug|x86
		Release|Any CPU = Release|Any CPU
		Release|ARM = Release|ARM
		Release|ARM64 = Release|ARM64
		Release|iPhone = Release|iPhone
		Release|iPhoneSimulator = Release|iPhoneSimulator
		Release|x64 = Release|x64
		Release|x86 = Release|x86
	EndGlobalSection
	GlobalSection(ProjectConfigurationPlatforms) = postSolution
		{5794194A-3FD1-42B5-8D5F-C10B60155CD8}.Ad-Hoc|Any CPU.ActiveCfg = Release|Any CPU
		{5794194A-3FD1-42B5-8D5F-C10B60155CD8}.Ad-Hoc|Any CPU.Build.0 = Release|Any CPU
		{5794194A-3FD1-42B5-8D5F-C10B60155CD8}.Ad-Hoc|Any CPU.Deploy.0 = Release|Any CPU
		{5794194A-3FD1-42B5-8D5F-C10B60155CD8}.Ad-Hoc|ARM.ActiveCfg = Release|Any CPU
		{5794194A-3FD1-42B5-8D5F-C10B60155CD8}.Ad-Hoc|ARM.Build.0 = Release|Any CPU
		{5794194A-3FD1-42B5-8D5F-C10B60155CD8}.Ad-Hoc|ARM.Deploy.0 = Release|Any CPU
		{5794194A-3FD1-42B5-8D5F-C10B60155CD8}.Ad-Hoc|ARM64.ActiveCfg = Debug|Any CPU
		{5794194A-3FD1-42B5-8D5F-C10B60155CD8}.Ad-Hoc|ARM64.Build.0 = Debug|Any CPU
		{5794194A-3FD1-42B5-8D5F-C10B60155CD8}.Ad-Hoc|ARM64.Deploy.0 = Debug|Any CPU
		{5794194A-3FD1-42B5-8D5F-C10B60155CD8}.Ad-Hoc|iPhone.ActiveCfg = Release|Any CPU
		{5794194A-3FD1-42B5-8D5F-C10B60155CD8}.Ad-Hoc|iPhone.Build.0 = Release|Any CPU
		{5794194A-3FD1-42B5-8D5F-C10B60155CD8}.Ad-Hoc|iPhone.Deploy.0 = Release|Any CPU
		{5794194A-3FD1-42B5-8D5F-C10B60155CD8}.Ad-Hoc|iPhoneSimulator.ActiveCfg = Release|Any CPU
		{5794194A-3FD1-42B5-8D5F-C10B60155CD8}.Ad-Hoc|iPhoneSimulator.Build.0 = Release|Any CPU
		{5794194A-3FD1-42B5-8D5F-C10B60155CD8}.Ad-Hoc|iPhoneSimulator.Deploy.0 = Release|Any CPU
		{5794194A-3FD1-42B5-8D5F-C10B60155CD8}.Ad-Hoc|x64.ActiveCfg = Release|Any CPU
		{5794194A-3FD1-42B5-8D5F-C10B60155CD8}.Ad-Hoc|x64.Build.0 = Release|Any CPU
		{5794194A-3FD1-42B5-8D5F-C10B60155CD8}.Ad-Hoc|x64.Deploy.0 = Release|Any CPU
		{5794194A-3FD1-42B5-8D5F-C10B60155CD8}.Ad-Hoc|x86.ActiveCfg = Release|Any CPU
		{5794194A-3FD1-42B5-8D5F-C10B60155CD8}.Ad-Hoc|x86.Build.0 = Release|Any CPU
		{5794194A-3FD1-42B5-8D5F-C10B60155CD8}.Ad-Hoc|x86.Deploy.0 = Release|Any CPU
		{5794194A-3FD1-42B5-8D5F-C10B60155CD8}.AppStore|Any CPU.ActiveCfg = Release|Any CPU
		{5794194A-3FD1-42B5-8D5F-C10B60155CD8}.AppStore|Any CPU.Build.0 = Release|Any CPU
		{5794194A-3FD1-42B5-8D5F-C10B60155CD8}.AppStore|Any CPU.Deploy.0 = Release|Any CPU
		{5794194A-3FD1-42B5-8D5F-C10B60155CD8}.AppStore|ARM.ActiveCfg = Release|Any CPU
		{5794194A-3FD1-42B5-8D5F-C10B60155CD8}.AppStore|ARM.Build.0 = Release|Any CPU
		{5794194A-3FD1-42B5-8D5F-C10B60155CD8}.AppStore|ARM.Deploy.0 = Release|Any CPU
		{5794194A-3FD1-42B5-8D5F-C10B60155CD8}.AppStore|ARM64.ActiveCfg = Debug|Any CPU
		{5794194A-3FD1-42B5-8D5F-C10B60155CD8}.AppStore|ARM64.Build.0 = Debug|Any CPU
		{5794194A-3FD1-42B5-8D5F-C10B60155CD8}.AppStore|ARM64.Deploy.0 = Debug|Any CPU
		{5794194A-3FD1-42B5-8D5F-C10B60155CD8}.AppStore|iPhone.ActiveCfg = Release|Any CPU
		{5794194A-3FD1-42B5-8D5F-C10B60155CD8}.AppStore|iPhone.Build.0 = Release|Any CPU
		{5794194A-3FD1-42B5-8D5F-C10B60155CD8}.AppStore|iPhone.Deploy.0 = Release|Any CPU
		{5794194A-3FD1-42B5-8D5F-C10B60155CD8}.AppStore|iPhoneSimulator.ActiveCfg = Release|Any CPU
		{5794194A-3FD1-42B5-8D5F-C10B60155CD8}.AppStore|iPhoneSimulator.Build.0 = Release|Any CPU
		{5794194A-3FD1-42B5-8D5F-C10B60155CD8}.AppStore|iPhoneSimulator.Deploy.0 = Release|Any CPU
		{5794194A-3FD1-42B5-8D5F-C10B60155CD8}.AppStore|x64.ActiveCfg = Release|Any CPU
		{5794194A-3FD1-42B5-8D5F-C10B60155CD8}.AppStore|x64.Build.0 = Release|Any CPU
		{5794194A-3FD1-42B5-8D5F-C10B60155CD8}.AppStore|x64.Deploy.0 = Release|Any CPU
		{5794194A-3FD1-42B5-8D5F-C10B60155CD8}.AppStore|x86.ActiveCfg = Release|Any CPU
		{5794194A-3FD1-42B5-8D5F-C10B60155CD8}.AppStore|x86.Build.0 = Release|Any CPU
		{5794194A-3FD1-42B5-8D5F-C10B60155CD8}.AppStore|x86.Deploy.0 = Release|Any CPU
		{5794194A-3FD1-42B5-8D5F-C10B60155CD8}.Debug|Any CPU.ActiveCfg = Debug|Any CPU
		{5794194A-3FD1-42B5-8D5F-C10B60155CD8}.Debug|Any CPU.Build.0 = Debug|Any CPU
		{5794194A-3FD1-42B5-8D5F-C10B60155CD8}.Debug|Any CPU.Deploy.0 = Debug|Any CPU
		{5794194A-3FD1-42B5-8D5F-C10B60155CD8}.Debug|ARM.ActiveCfg = Debug|Any CPU
		{5794194A-3FD1-42B5-8D5F-C10B60155CD8}.Debug|ARM.Build.0 = Debug|Any CPU
		{5794194A-3FD1-42B5-8D5F-C10B60155CD8}.Debug|ARM.Deploy.0 = Debug|Any CPU
		{5794194A-3FD1-42B5-8D5F-C10B60155CD8}.Debug|ARM64.ActiveCfg = Debug|Any CPU
		{5794194A-3FD1-42B5-8D5F-C10B60155CD8}.Debug|ARM64.Build.0 = Debug|Any CPU
		{5794194A-3FD1-42B5-8D5F-C10B60155CD8}.Debug|ARM64.Deploy.0 = Debug|Any CPU
		{5794194A-3FD1-42B5-8D5F-C10B60155CD8}.Debug|iPhone.ActiveCfg = Debug|Any CPU
		{5794194A-3FD1-42B5-8D5F-C10B60155CD8}.Debug|iPhone.Build.0 = Debug|Any CPU
		{5794194A-3FD1-42B5-8D5F-C10B60155CD8}.Debug|iPhone.Deploy.0 = Debug|Any CPU
		{5794194A-3FD1-42B5-8D5F-C10B60155CD8}.Debug|iPhoneSimulator.ActiveCfg = Debug|Any CPU
		{5794194A-3FD1-42B5-8D5F-C10B60155CD8}.Debug|iPhoneSimulator.Build.0 = Debug|Any CPU
		{5794194A-3FD1-42B5-8D5F-C10B60155CD8}.Debug|iPhoneSimulator.Deploy.0 = Debug|Any CPU
		{5794194A-3FD1-42B5-8D5F-C10B60155CD8}.Debug|x64.ActiveCfg = Debug|Any CPU
		{5794194A-3FD1-42B5-8D5F-C10B60155CD8}.Debug|x64.Build.0 = Debug|Any CPU
		{5794194A-3FD1-42B5-8D5F-C10B60155CD8}.Debug|x64.Deploy.0 = Debug|Any CPU
		{5794194A-3FD1-42B5-8D5F-C10B60155CD8}.Debug|x86.ActiveCfg = Debug|Any CPU
		{5794194A-3FD1-42B5-8D5F-C10B60155CD8}.Debug|x86.Build.0 = Debug|Any CPU
		{5794194A-3FD1-42B5-8D5F-C10B60155CD8}.Debug|x86.Deploy.0 = Debug|Any CPU
		{5794194A-3FD1-42B5-8D5F-C10B60155CD8}.Release|Any CPU.ActiveCfg = Release|Any CPU
		{5794194A-3FD1-42B5-8D5F-C10B60155CD8}.Release|Any CPU.Build.0 = Release|Any CPU
		{5794194A-3FD1-42B5-8D5F-C10B60155CD8}.Release|Any CPU.Deploy.0 = Release|Any CPU
		{5794194A-3FD1-42B5-8D5F-C10B60155CD8}.Release|ARM.ActiveCfg = Release|Any CPU
		{5794194A-3FD1-42B5-8D5F-C10B60155CD8}.Release|ARM.Build.0 = Release|Any CPU
		{5794194A-3FD1-42B5-8D5F-C10B60155CD8}.Release|ARM.Deploy.0 = Release|Any CPU
		{5794194A-3FD1-42B5-8D5F-C10B60155CD8}.Release|ARM64.ActiveCfg = Release|Any CPU
		{5794194A-3FD1-42B5-8D5F-C10B60155CD8}.Release|ARM64.Build.0 = Release|Any CPU
		{5794194A-3FD1-42B5-8D5F-C10B60155CD8}.Release|ARM64.Deploy.0 = Release|Any CPU
		{5794194A-3FD1-42B5-8D5F-C10B60155CD8}.Release|iPhone.ActiveCfg = Release|Any CPU
		{5794194A-3FD1-42B5-8D5F-C10B60155CD8}.Release|iPhone.Build.0 = Release|Any CPU
		{5794194A-3FD1-42B5-8D5F-C10B60155CD8}.Release|iPhone.Deploy.0 = Release|Any CPU
		{5794194A-3FD1-42B5-8D5F-C10B60155CD8}.Release|iPhoneSimulator.ActiveCfg = Release|Any CPU
		{5794194A-3FD1-42B5-8D5F-C10B60155CD8}.Release|iPhoneSimulator.Build.0 = Release|Any CPU
		{5794194A-3FD1-42B5-8D5F-C10B60155CD8}.Release|iPhoneSimulator.Deploy.0 = Release|Any CPU
		{5794194A-3FD1-42B5-8D5F-C10B60155CD8}.Release|x64.ActiveCfg = Release|Any CPU
		{5794194A-3FD1-42B5-8D5F-C10B60155CD8}.Release|x64.Build.0 = Release|Any CPU
		{5794194A-3FD1-42B5-8D5F-C10B60155CD8}.Release|x64.Deploy.0 = Release|Any CPU
		{5794194A-3FD1-42B5-8D5F-C10B60155CD8}.Release|x86.ActiveCfg = Release|Any CPU
		{5794194A-3FD1-42B5-8D5F-C10B60155CD8}.Release|x86.Build.0 = Release|Any CPU
		{5794194A-3FD1-42B5-8D5F-C10B60155CD8}.Release|x86.Deploy.0 = Release|Any CPU
		{608344E9-54E1-4BA2-8D99-C74E237AF5E4}.Ad-Hoc|Any CPU.ActiveCfg = Ad-Hoc|iPhone
		{608344E9-54E1-4BA2-8D99-C74E237AF5E4}.Ad-Hoc|Any CPU.Build.0 = Ad-Hoc|iPhone
		{608344E9-54E1-4BA2-8D99-C74E237AF5E4}.Ad-Hoc|Any CPU.Deploy.0 = Ad-Hoc|iPhone
		{608344E9-54E1-4BA2-8D99-C74E237AF5E4}.Ad-Hoc|ARM.ActiveCfg = Ad-Hoc|iPhone
		{608344E9-54E1-4BA2-8D99-C74E237AF5E4}.Ad-Hoc|ARM.Build.0 = Ad-Hoc|iPhone
		{608344E9-54E1-4BA2-8D99-C74E237AF5E4}.Ad-Hoc|ARM.Deploy.0 = Ad-Hoc|iPhone
		{608344E9-54E1-4BA2-8D99-C74E237AF5E4}.Ad-Hoc|ARM64.ActiveCfg = Ad-Hoc|iPhoneSimulator
		{608344E9-54E1-4BA2-8D99-C74E237AF5E4}.Ad-Hoc|iPhone.ActiveCfg = Ad-Hoc|iPhone
		{608344E9-54E1-4BA2-8D99-C74E237AF5E4}.Ad-Hoc|iPhone.Build.0 = Ad-Hoc|iPhone
		{608344E9-54E1-4BA2-8D99-C74E237AF5E4}.Ad-Hoc|iPhone.Deploy.0 = Ad-Hoc|iPhone
		{608344E9-54E1-4BA2-8D99-C74E237AF5E4}.Ad-Hoc|iPhoneSimulator.ActiveCfg = Ad-Hoc|iPhoneSimulator
		{608344E9-54E1-4BA2-8D99-C74E237AF5E4}.Ad-Hoc|iPhoneSimulator.Build.0 = Ad-Hoc|iPhoneSimulator
		{608344E9-54E1-4BA2-8D99-C74E237AF5E4}.Ad-Hoc|iPhoneSimulator.Deploy.0 = Ad-Hoc|iPhoneSimulator
		{608344E9-54E1-4BA2-8D99-C74E237AF5E4}.Ad-Hoc|x64.ActiveCfg = Ad-Hoc|iPhone
		{608344E9-54E1-4BA2-8D99-C74E237AF5E4}.Ad-Hoc|x64.Build.0 = Ad-Hoc|iPhone
		{608344E9-54E1-4BA2-8D99-C74E237AF5E4}.Ad-Hoc|x64.Deploy.0 = Ad-Hoc|iPhone
		{608344E9-54E1-4BA2-8D99-C74E237AF5E4}.Ad-Hoc|x86.ActiveCfg = Ad-Hoc|iPhone
		{608344E9-54E1-4BA2-8D99-C74E237AF5E4}.Ad-Hoc|x86.Build.0 = Ad-Hoc|iPhone
		{608344E9-54E1-4BA2-8D99-C74E237AF5E4}.Ad-Hoc|x86.Deploy.0 = Ad-Hoc|iPhone
		{608344E9-54E1-4BA2-8D99-C74E237AF5E4}.AppStore|Any CPU.ActiveCfg = AppStore|iPhone
		{608344E9-54E1-4BA2-8D99-C74E237AF5E4}.AppStore|Any CPU.Build.0 = AppStore|iPhone
		{608344E9-54E1-4BA2-8D99-C74E237AF5E4}.AppStore|Any CPU.Deploy.0 = AppStore|iPhone
		{608344E9-54E1-4BA2-8D99-C74E237AF5E4}.AppStore|ARM.ActiveCfg = AppStore|iPhone
		{608344E9-54E1-4BA2-8D99-C74E237AF5E4}.AppStore|ARM.Build.0 = AppStore|iPhone
		{608344E9-54E1-4BA2-8D99-C74E237AF5E4}.AppStore|ARM.Deploy.0 = AppStore|iPhone
		{608344E9-54E1-4BA2-8D99-C74E237AF5E4}.AppStore|ARM64.ActiveCfg = AppStore|iPhoneSimulator
		{608344E9-54E1-4BA2-8D99-C74E237AF5E4}.AppStore|iPhone.ActiveCfg = AppStore|iPhone
		{608344E9-54E1-4BA2-8D99-C74E237AF5E4}.AppStore|iPhone.Build.0 = AppStore|iPhone
		{608344E9-54E1-4BA2-8D99-C74E237AF5E4}.AppStore|iPhone.Deploy.0 = AppStore|iPhone
		{608344E9-54E1-4BA2-8D99-C74E237AF5E4}.AppStore|iPhoneSimulator.ActiveCfg = AppStore|iPhoneSimulator
		{608344E9-54E1-4BA2-8D99-C74E237AF5E4}.AppStore|iPhoneSimulator.Build.0 = AppStore|iPhoneSimulator
		{608344E9-54E1-4BA2-8D99-C74E237AF5E4}.AppStore|iPhoneSimulator.Deploy.0 = AppStore|iPhoneSimulator
		{608344E9-54E1-4BA2-8D99-C74E237AF5E4}.AppStore|x64.ActiveCfg = AppStore|iPhone
		{608344E9-54E1-4BA2-8D99-C74E237AF5E4}.AppStore|x64.Build.0 = AppStore|iPhone
		{608344E9-54E1-4BA2-8D99-C74E237AF5E4}.AppStore|x64.Deploy.0 = AppStore|iPhone
		{608344E9-54E1-4BA2-8D99-C74E237AF5E4}.AppStore|x86.ActiveCfg = AppStore|iPhone
		{608344E9-54E1-4BA2-8D99-C74E237AF5E4}.AppStore|x86.Build.0 = AppStore|iPhone
		{608344E9-54E1-4BA2-8D99-C74E237AF5E4}.AppStore|x86.Deploy.0 = AppStore|iPhone
		{608344E9-54E1-4BA2-8D99-C74E237AF5E4}.Debug|Any CPU.ActiveCfg = Debug|iPhoneSimulator
		{608344E9-54E1-4BA2-8D99-C74E237AF5E4}.Debug|Any CPU.Build.0 = Debug|iPhoneSimulator
		{608344E9-54E1-4BA2-8D99-C74E237AF5E4}.Debug|Any CPU.Deploy.0 = Debug|iPhoneSimulator
		{608344E9-54E1-4BA2-8D99-C74E237AF5E4}.Debug|ARM.ActiveCfg = Debug|iPhone
		{608344E9-54E1-4BA2-8D99-C74E237AF5E4}.Debug|ARM.Build.0 = Debug|iPhone
		{608344E9-54E1-4BA2-8D99-C74E237AF5E4}.Debug|ARM.Deploy.0 = Debug|iPhone
		{608344E9-54E1-4BA2-8D99-C74E237AF5E4}.Debug|ARM64.ActiveCfg = Debug|iPhone
		{608344E9-54E1-4BA2-8D99-C74E237AF5E4}.Debug|iPhone.ActiveCfg = Debug|iPhone
		{608344E9-54E1-4BA2-8D99-C74E237AF5E4}.Debug|iPhone.Build.0 = Debug|iPhone
		{608344E9-54E1-4BA2-8D99-C74E237AF5E4}.Debug|iPhone.Deploy.0 = Debug|iPhone
		{608344E9-54E1-4BA2-8D99-C74E237AF5E4}.Debug|iPhoneSimulator.ActiveCfg = Debug|iPhoneSimulator
		{608344E9-54E1-4BA2-8D99-C74E237AF5E4}.Debug|iPhoneSimulator.Build.0 = Debug|iPhoneSimulator
		{608344E9-54E1-4BA2-8D99-C74E237AF5E4}.Debug|iPhoneSimulator.Deploy.0 = Debug|iPhoneSimulator
		{608344E9-54E1-4BA2-8D99-C74E237AF5E4}.Debug|x64.ActiveCfg = Debug|iPhone
		{608344E9-54E1-4BA2-8D99-C74E237AF5E4}.Debug|x64.Build.0 = Debug|iPhone
		{608344E9-54E1-4BA2-8D99-C74E237AF5E4}.Debug|x64.Deploy.0 = Debug|iPhone
		{608344E9-54E1-4BA2-8D99-C74E237AF5E4}.Debug|x86.ActiveCfg = Debug|iPhone
		{608344E9-54E1-4BA2-8D99-C74E237AF5E4}.Debug|x86.Build.0 = Debug|iPhone
		{608344E9-54E1-4BA2-8D99-C74E237AF5E4}.Debug|x86.Deploy.0 = Debug|iPhone
		{608344E9-54E1-4BA2-8D99-C74E237AF5E4}.Release|Any CPU.ActiveCfg = Release|iPhone
		{608344E9-54E1-4BA2-8D99-C74E237AF5E4}.Release|Any CPU.Build.0 = Release|iPhone
		{608344E9-54E1-4BA2-8D99-C74E237AF5E4}.Release|Any CPU.Deploy.0 = Release|iPhone
		{608344E9-54E1-4BA2-8D99-C74E237AF5E4}.Release|ARM.ActiveCfg = Release|iPhone
		{608344E9-54E1-4BA2-8D99-C74E237AF5E4}.Release|ARM.Build.0 = Release|iPhone
		{608344E9-54E1-4BA2-8D99-C74E237AF5E4}.Release|ARM.Deploy.0 = Release|iPhone
		{608344E9-54E1-4BA2-8D99-C74E237AF5E4}.Release|ARM64.ActiveCfg = Release|iPhoneSimulator
		{608344E9-54E1-4BA2-8D99-C74E237AF5E4}.Release|iPhone.ActiveCfg = Release|iPhone
		{608344E9-54E1-4BA2-8D99-C74E237AF5E4}.Release|iPhone.Build.0 = Release|iPhone
		{608344E9-54E1-4BA2-8D99-C74E237AF5E4}.Release|iPhone.Deploy.0 = Release|iPhone
		{608344E9-54E1-4BA2-8D99-C74E237AF5E4}.Release|iPhoneSimulator.ActiveCfg = Release|iPhoneSimulator
		{608344E9-54E1-4BA2-8D99-C74E237AF5E4}.Release|iPhoneSimulator.Build.0 = Release|iPhoneSimulator
		{608344E9-54E1-4BA2-8D99-C74E237AF5E4}.Release|iPhoneSimulator.Deploy.0 = Release|iPhoneSimulator
		{608344E9-54E1-4BA2-8D99-C74E237AF5E4}.Release|x64.ActiveCfg = Release|iPhone
		{608344E9-54E1-4BA2-8D99-C74E237AF5E4}.Release|x64.Build.0 = Release|iPhone
		{608344E9-54E1-4BA2-8D99-C74E237AF5E4}.Release|x64.Deploy.0 = Release|iPhone
		{608344E9-54E1-4BA2-8D99-C74E237AF5E4}.Release|x86.ActiveCfg = Release|iPhone
		{608344E9-54E1-4BA2-8D99-C74E237AF5E4}.Release|x86.Build.0 = Release|iPhone
		{608344E9-54E1-4BA2-8D99-C74E237AF5E4}.Release|x86.Deploy.0 = Release|iPhone
		{B77FC566-A056-4D2E-8339-7F0C2E1F32B0}.Ad-Hoc|Any CPU.ActiveCfg = Debug|Any CPU
		{B77FC566-A056-4D2E-8339-7F0C2E1F32B0}.Ad-Hoc|Any CPU.Build.0 = Debug|Any CPU
		{B77FC566-A056-4D2E-8339-7F0C2E1F32B0}.Ad-Hoc|Any CPU.Deploy.0 = Debug|Any CPU
		{B77FC566-A056-4D2E-8339-7F0C2E1F32B0}.Ad-Hoc|ARM.ActiveCfg = Debug|Any CPU
		{B77FC566-A056-4D2E-8339-7F0C2E1F32B0}.Ad-Hoc|ARM.Build.0 = Debug|Any CPU
		{B77FC566-A056-4D2E-8339-7F0C2E1F32B0}.Ad-Hoc|ARM.Deploy.0 = Debug|Any CPU
		{B77FC566-A056-4D2E-8339-7F0C2E1F32B0}.Ad-Hoc|ARM64.ActiveCfg = Release|Any CPU
		{B77FC566-A056-4D2E-8339-7F0C2E1F32B0}.Ad-Hoc|ARM64.Build.0 = Release|Any CPU
		{B77FC566-A056-4D2E-8339-7F0C2E1F32B0}.Ad-Hoc|iPhone.ActiveCfg = Debug|Any CPU
		{B77FC566-A056-4D2E-8339-7F0C2E1F32B0}.Ad-Hoc|iPhone.Build.0 = Debug|Any CPU
		{B77FC566-A056-4D2E-8339-7F0C2E1F32B0}.Ad-Hoc|iPhone.Deploy.0 = Debug|Any CPU
		{B77FC566-A056-4D2E-8339-7F0C2E1F32B0}.Ad-Hoc|iPhoneSimulator.ActiveCfg = Debug|Any CPU
		{B77FC566-A056-4D2E-8339-7F0C2E1F32B0}.Ad-Hoc|iPhoneSimulator.Build.0 = Debug|Any CPU
		{B77FC566-A056-4D2E-8339-7F0C2E1F32B0}.Ad-Hoc|iPhoneSimulator.Deploy.0 = Debug|Any CPU
		{B77FC566-A056-4D2E-8339-7F0C2E1F32B0}.Ad-Hoc|x64.ActiveCfg = Debug|Any CPU
		{B77FC566-A056-4D2E-8339-7F0C2E1F32B0}.Ad-Hoc|x64.Build.0 = Debug|Any CPU
		{B77FC566-A056-4D2E-8339-7F0C2E1F32B0}.Ad-Hoc|x64.Deploy.0 = Debug|Any CPU
		{B77FC566-A056-4D2E-8339-7F0C2E1F32B0}.Ad-Hoc|x86.ActiveCfg = Debug|Any CPU
		{B77FC566-A056-4D2E-8339-7F0C2E1F32B0}.Ad-Hoc|x86.Build.0 = Debug|Any CPU
		{B77FC566-A056-4D2E-8339-7F0C2E1F32B0}.Ad-Hoc|x86.Deploy.0 = Debug|Any CPU
		{B77FC566-A056-4D2E-8339-7F0C2E1F32B0}.AppStore|Any CPU.ActiveCfg = Debug|Any CPU
		{B77FC566-A056-4D2E-8339-7F0C2E1F32B0}.AppStore|Any CPU.Build.0 = Debug|Any CPU
		{B77FC566-A056-4D2E-8339-7F0C2E1F32B0}.AppStore|Any CPU.Deploy.0 = Debug|Any CPU
		{B77FC566-A056-4D2E-8339-7F0C2E1F32B0}.AppStore|ARM.ActiveCfg = Debug|Any CPU
		{B77FC566-A056-4D2E-8339-7F0C2E1F32B0}.AppStore|ARM.Build.0 = Debug|Any CPU
		{B77FC566-A056-4D2E-8339-7F0C2E1F32B0}.AppStore|ARM.Deploy.0 = Debug|Any CPU
		{B77FC566-A056-4D2E-8339-7F0C2E1F32B0}.AppStore|ARM64.ActiveCfg = Release|Any CPU
		{B77FC566-A056-4D2E-8339-7F0C2E1F32B0}.AppStore|ARM64.Build.0 = Release|Any CPU
		{B77FC566-A056-4D2E-8339-7F0C2E1F32B0}.AppStore|iPhone.ActiveCfg = Debug|Any CPU
		{B77FC566-A056-4D2E-8339-7F0C2E1F32B0}.AppStore|iPhone.Build.0 = Debug|Any CPU
		{B77FC566-A056-4D2E-8339-7F0C2E1F32B0}.AppStore|iPhone.Deploy.0 = Debug|Any CPU
		{B77FC566-A056-4D2E-8339-7F0C2E1F32B0}.AppStore|iPhoneSimulator.ActiveCfg = Debug|Any CPU
		{B77FC566-A056-4D2E-8339-7F0C2E1F32B0}.AppStore|iPhoneSimulator.Build.0 = Debug|Any CPU
		{B77FC566-A056-4D2E-8339-7F0C2E1F32B0}.AppStore|iPhoneSimulator.Deploy.0 = Debug|Any CPU
		{B77FC566-A056-4D2E-8339-7F0C2E1F32B0}.AppStore|x64.ActiveCfg = Debug|Any CPU
		{B77FC566-A056-4D2E-8339-7F0C2E1F32B0}.AppStore|x64.Build.0 = Debug|Any CPU
		{B77FC566-A056-4D2E-8339-7F0C2E1F32B0}.AppStore|x64.Deploy.0 = Debug|Any CPU
		{B77FC566-A056-4D2E-8339-7F0C2E1F32B0}.AppStore|x86.ActiveCfg = Debug|Any CPU
		{B77FC566-A056-4D2E-8339-7F0C2E1F32B0}.AppStore|x86.Build.0 = Debug|Any CPU
		{B77FC566-A056-4D2E-8339-7F0C2E1F32B0}.AppStore|x86.Deploy.0 = Debug|Any CPU
		{B77FC566-A056-4D2E-8339-7F0C2E1F32B0}.Debug|Any CPU.ActiveCfg = Debug|Any CPU
		{B77FC566-A056-4D2E-8339-7F0C2E1F32B0}.Debug|Any CPU.Build.0 = Debug|Any CPU
		{B77FC566-A056-4D2E-8339-7F0C2E1F32B0}.Debug|Any CPU.Deploy.0 = Debug|Any CPU
		{B77FC566-A056-4D2E-8339-7F0C2E1F32B0}.Debug|ARM.ActiveCfg = Debug|Any CPU
		{B77FC566-A056-4D2E-8339-7F0C2E1F32B0}.Debug|ARM.Build.0 = Debug|Any CPU
		{B77FC566-A056-4D2E-8339-7F0C2E1F32B0}.Debug|ARM.Deploy.0 = Debug|Any CPU
		{B77FC566-A056-4D2E-8339-7F0C2E1F32B0}.Debug|ARM64.ActiveCfg = Debug|Any CPU
		{B77FC566-A056-4D2E-8339-7F0C2E1F32B0}.Debug|ARM64.Build.0 = Debug|Any CPU
		{B77FC566-A056-4D2E-8339-7F0C2E1F32B0}.Debug|iPhone.ActiveCfg = Debug|Any CPU
		{B77FC566-A056-4D2E-8339-7F0C2E1F32B0}.Debug|iPhone.Build.0 = Debug|Any CPU
		{B77FC566-A056-4D2E-8339-7F0C2E1F32B0}.Debug|iPhone.Deploy.0 = Debug|Any CPU
		{B77FC566-A056-4D2E-8339-7F0C2E1F32B0}.Debug|iPhoneSimulator.ActiveCfg = Debug|Any CPU
		{B77FC566-A056-4D2E-8339-7F0C2E1F32B0}.Debug|iPhoneSimulator.Build.0 = Debug|Any CPU
		{B77FC566-A056-4D2E-8339-7F0C2E1F32B0}.Debug|iPhoneSimulator.Deploy.0 = Debug|Any CPU
		{B77FC566-A056-4D2E-8339-7F0C2E1F32B0}.Debug|x64.ActiveCfg = Debug|Any CPU
		{B77FC566-A056-4D2E-8339-7F0C2E1F32B0}.Debug|x64.Build.0 = Debug|Any CPU
		{B77FC566-A056-4D2E-8339-7F0C2E1F32B0}.Debug|x64.Deploy.0 = Debug|Any CPU
		{B77FC566-A056-4D2E-8339-7F0C2E1F32B0}.Debug|x86.ActiveCfg = Debug|Any CPU
		{B77FC566-A056-4D2E-8339-7F0C2E1F32B0}.Debug|x86.Build.0 = Debug|Any CPU
		{B77FC566-A056-4D2E-8339-7F0C2E1F32B0}.Debug|x86.Deploy.0 = Debug|Any CPU
		{B77FC566-A056-4D2E-8339-7F0C2E1F32B0}.Release|Any CPU.ActiveCfg = Release|Any CPU
		{B77FC566-A056-4D2E-8339-7F0C2E1F32B0}.Release|Any CPU.Build.0 = Release|Any CPU
		{B77FC566-A056-4D2E-8339-7F0C2E1F32B0}.Release|Any CPU.Deploy.0 = Release|Any CPU
		{B77FC566-A056-4D2E-8339-7F0C2E1F32B0}.Release|ARM.ActiveCfg = Release|Any CPU
		{B77FC566-A056-4D2E-8339-7F0C2E1F32B0}.Release|ARM.Build.0 = Release|Any CPU
		{B77FC566-A056-4D2E-8339-7F0C2E1F32B0}.Release|ARM.Deploy.0 = Release|Any CPU
		{B77FC566-A056-4D2E-8339-7F0C2E1F32B0}.Release|ARM64.ActiveCfg = Release|Any CPU
		{B77FC566-A056-4D2E-8339-7F0C2E1F32B0}.Release|ARM64.Build.0 = Release|Any CPU
		{B77FC566-A056-4D2E-8339-7F0C2E1F32B0}.Release|iPhone.ActiveCfg = Release|Any CPU
		{B77FC566-A056-4D2E-8339-7F0C2E1F32B0}.Release|iPhone.Build.0 = Release|Any CPU
		{B77FC566-A056-4D2E-8339-7F0C2E1F32B0}.Release|iPhone.Deploy.0 = Release|Any CPU
		{B77FC566-A056-4D2E-8339-7F0C2E1F32B0}.Release|iPhoneSimulator.ActiveCfg = Release|Any CPU
		{B77FC566-A056-4D2E-8339-7F0C2E1F32B0}.Release|iPhoneSimulator.Build.0 = Release|Any CPU
		{B77FC566-A056-4D2E-8339-7F0C2E1F32B0}.Release|iPhoneSimulator.Deploy.0 = Release|Any CPU
		{B77FC566-A056-4D2E-8339-7F0C2E1F32B0}.Release|x64.ActiveCfg = Release|Any CPU
		{B77FC566-A056-4D2E-8339-7F0C2E1F32B0}.Release|x64.Build.0 = Release|Any CPU
		{B77FC566-A056-4D2E-8339-7F0C2E1F32B0}.Release|x64.Deploy.0 = Release|Any CPU
		{B77FC566-A056-4D2E-8339-7F0C2E1F32B0}.Release|x86.ActiveCfg = Release|Any CPU
		{B77FC566-A056-4D2E-8339-7F0C2E1F32B0}.Release|x86.Build.0 = Release|Any CPU
		{B77FC566-A056-4D2E-8339-7F0C2E1F32B0}.Release|x86.Deploy.0 = Release|Any CPU
		{B108B16B-3412-43F5-A674-F70DD63CD58F}.Ad-Hoc|Any CPU.ActiveCfg = Ad-Hoc|iPhoneSimulator
		{B108B16B-3412-43F5-A674-F70DD63CD58F}.Ad-Hoc|ARM.ActiveCfg = Ad-Hoc|iPhoneSimulator
		{B108B16B-3412-43F5-A674-F70DD63CD58F}.Ad-Hoc|ARM64.ActiveCfg = Ad-Hoc|iPhone
		{B108B16B-3412-43F5-A674-F70DD63CD58F}.Ad-Hoc|iPhone.ActiveCfg = Ad-Hoc|iPhone
		{B108B16B-3412-43F5-A674-F70DD63CD58F}.Ad-Hoc|iPhone.Build.0 = Ad-Hoc|iPhone
		{B108B16B-3412-43F5-A674-F70DD63CD58F}.Ad-Hoc|iPhoneSimulator.ActiveCfg = Ad-Hoc|iPhoneSimulator
		{B108B16B-3412-43F5-A674-F70DD63CD58F}.Ad-Hoc|iPhoneSimulator.Build.0 = Ad-Hoc|iPhoneSimulator
		{B108B16B-3412-43F5-A674-F70DD63CD58F}.Ad-Hoc|x64.ActiveCfg = Ad-Hoc|iPhoneSimulator
		{B108B16B-3412-43F5-A674-F70DD63CD58F}.Ad-Hoc|x86.ActiveCfg = Ad-Hoc|iPhoneSimulator
		{B108B16B-3412-43F5-A674-F70DD63CD58F}.AppStore|Any CPU.ActiveCfg = AppStore|iPhoneSimulator
		{B108B16B-3412-43F5-A674-F70DD63CD58F}.AppStore|ARM.ActiveCfg = AppStore|iPhoneSimulator
		{B108B16B-3412-43F5-A674-F70DD63CD58F}.AppStore|ARM64.ActiveCfg = AppStore|iPhone
		{B108B16B-3412-43F5-A674-F70DD63CD58F}.AppStore|iPhone.ActiveCfg = AppStore|iPhone
		{B108B16B-3412-43F5-A674-F70DD63CD58F}.AppStore|iPhone.Build.0 = AppStore|iPhone
		{B108B16B-3412-43F5-A674-F70DD63CD58F}.AppStore|iPhoneSimulator.ActiveCfg = AppStore|iPhoneSimulator
		{B108B16B-3412-43F5-A674-F70DD63CD58F}.AppStore|iPhoneSimulator.Build.0 = AppStore|iPhoneSimulator
		{B108B16B-3412-43F5-A674-F70DD63CD58F}.AppStore|x64.ActiveCfg = AppStore|iPhoneSimulator
		{B108B16B-3412-43F5-A674-F70DD63CD58F}.AppStore|x86.ActiveCfg = AppStore|iPhoneSimulator
		{B108B16B-3412-43F5-A674-F70DD63CD58F}.Debug|Any CPU.ActiveCfg = Debug|iPhoneSimulator
		{B108B16B-3412-43F5-A674-F70DD63CD58F}.Debug|Any CPU.Build.0 = Debug|iPhoneSimulator
		{B108B16B-3412-43F5-A674-F70DD63CD58F}.Debug|ARM.ActiveCfg = Debug|iPhoneSimulator
		{B108B16B-3412-43F5-A674-F70DD63CD58F}.Debug|ARM64.ActiveCfg = Debug|iPhone
		{B108B16B-3412-43F5-A674-F70DD63CD58F}.Debug|iPhone.ActiveCfg = Debug|iPhone
		{B108B16B-3412-43F5-A674-F70DD63CD58F}.Debug|iPhone.Build.0 = Debug|iPhone
		{B108B16B-3412-43F5-A674-F70DD63CD58F}.Debug|iPhoneSimulator.ActiveCfg = Debug|iPhoneSimulator
		{B108B16B-3412-43F5-A674-F70DD63CD58F}.Debug|iPhoneSimulator.Build.0 = Debug|iPhoneSimulator
		{B108B16B-3412-43F5-A674-F70DD63CD58F}.Debug|x64.ActiveCfg = Debug|iPhoneSimulator
		{B108B16B-3412-43F5-A674-F70DD63CD58F}.Debug|x86.ActiveCfg = Debug|iPhoneSimulator
		{B108B16B-3412-43F5-A674-F70DD63CD58F}.Release|Any CPU.ActiveCfg = Release|iPhoneSimulator
		{B108B16B-3412-43F5-A674-F70DD63CD58F}.Release|ARM.ActiveCfg = Release|iPhoneSimulator
		{B108B16B-3412-43F5-A674-F70DD63CD58F}.Release|ARM64.ActiveCfg = Release|iPhone
		{B108B16B-3412-43F5-A674-F70DD63CD58F}.Release|iPhone.ActiveCfg = Release|iPhone
		{B108B16B-3412-43F5-A674-F70DD63CD58F}.Release|iPhone.Build.0 = Release|iPhone
		{B108B16B-3412-43F5-A674-F70DD63CD58F}.Release|iPhoneSimulator.ActiveCfg = Release|iPhoneSimulator
		{B108B16B-3412-43F5-A674-F70DD63CD58F}.Release|iPhoneSimulator.Build.0 = Release|iPhoneSimulator
		{B108B16B-3412-43F5-A674-F70DD63CD58F}.Release|x64.ActiveCfg = Release|iPhoneSimulator
		{B108B16B-3412-43F5-A674-F70DD63CD58F}.Release|x86.ActiveCfg = Release|iPhoneSimulator
		{B63A68AC-B15A-47D9-B593-C395297C841C}.Ad-Hoc|Any CPU.ActiveCfg = Release|Any CPU
		{B63A68AC-B15A-47D9-B593-C395297C841C}.Ad-Hoc|Any CPU.Build.0 = Release|Any CPU
		{B63A68AC-B15A-47D9-B593-C395297C841C}.Ad-Hoc|ARM.ActiveCfg = Release|Any CPU
		{B63A68AC-B15A-47D9-B593-C395297C841C}.Ad-Hoc|ARM.Build.0 = Release|Any CPU
		{B63A68AC-B15A-47D9-B593-C395297C841C}.Ad-Hoc|ARM64.ActiveCfg = Debug|Any CPU
		{B63A68AC-B15A-47D9-B593-C395297C841C}.Ad-Hoc|ARM64.Build.0 = Debug|Any CPU
		{B63A68AC-B15A-47D9-B593-C395297C841C}.Ad-Hoc|iPhone.ActiveCfg = Release|Any CPU
		{B63A68AC-B15A-47D9-B593-C395297C841C}.Ad-Hoc|iPhone.Build.0 = Release|Any CPU
		{B63A68AC-B15A-47D9-B593-C395297C841C}.Ad-Hoc|iPhoneSimulator.ActiveCfg = Release|Any CPU
		{B63A68AC-B15A-47D9-B593-C395297C841C}.Ad-Hoc|iPhoneSimulator.Build.0 = Release|Any CPU
		{B63A68AC-B15A-47D9-B593-C395297C841C}.Ad-Hoc|x64.ActiveCfg = Release|Any CPU
		{B63A68AC-B15A-47D9-B593-C395297C841C}.Ad-Hoc|x64.Build.0 = Release|Any CPU
		{B63A68AC-B15A-47D9-B593-C395297C841C}.Ad-Hoc|x86.ActiveCfg = Release|Any CPU
		{B63A68AC-B15A-47D9-B593-C395297C841C}.Ad-Hoc|x86.Build.0 = Release|Any CPU
		{B63A68AC-B15A-47D9-B593-C395297C841C}.AppStore|Any CPU.ActiveCfg = Release|Any CPU
		{B63A68AC-B15A-47D9-B593-C395297C841C}.AppStore|Any CPU.Build.0 = Release|Any CPU
		{B63A68AC-B15A-47D9-B593-C395297C841C}.AppStore|ARM.ActiveCfg = Release|Any CPU
		{B63A68AC-B15A-47D9-B593-C395297C841C}.AppStore|ARM.Build.0 = Release|Any CPU
		{B63A68AC-B15A-47D9-B593-C395297C841C}.AppStore|ARM64.ActiveCfg = Debug|Any CPU
		{B63A68AC-B15A-47D9-B593-C395297C841C}.AppStore|ARM64.Build.0 = Debug|Any CPU
		{B63A68AC-B15A-47D9-B593-C395297C841C}.AppStore|iPhone.ActiveCfg = Release|Any CPU
		{B63A68AC-B15A-47D9-B593-C395297C841C}.AppStore|iPhone.Build.0 = Release|Any CPU
		{B63A68AC-B15A-47D9-B593-C395297C841C}.AppStore|iPhoneSimulator.ActiveCfg = Release|Any CPU
		{B63A68AC-B15A-47D9-B593-C395297C841C}.AppStore|iPhoneSimulator.Build.0 = Release|Any CPU
		{B63A68AC-B15A-47D9-B593-C395297C841C}.AppStore|x64.ActiveCfg = Release|Any CPU
		{B63A68AC-B15A-47D9-B593-C395297C841C}.AppStore|x64.Build.0 = Release|Any CPU
		{B63A68AC-B15A-47D9-B593-C395297C841C}.AppStore|x86.ActiveCfg = Release|Any CPU
		{B63A68AC-B15A-47D9-B593-C395297C841C}.AppStore|x86.Build.0 = Release|Any CPU
		{B63A68AC-B15A-47D9-B593-C395297C841C}.Debug|Any CPU.ActiveCfg = Debug|Any CPU
		{B63A68AC-B15A-47D9-B593-C395297C841C}.Debug|Any CPU.Build.0 = Debug|Any CPU
		{B63A68AC-B15A-47D9-B593-C395297C841C}.Debug|ARM.ActiveCfg = Debug|Any CPU
		{B63A68AC-B15A-47D9-B593-C395297C841C}.Debug|ARM.Build.0 = Debug|Any CPU
		{B63A68AC-B15A-47D9-B593-C395297C841C}.Debug|ARM64.ActiveCfg = Debug|Any CPU
		{B63A68AC-B15A-47D9-B593-C395297C841C}.Debug|ARM64.Build.0 = Debug|Any CPU
		{B63A68AC-B15A-47D9-B593-C395297C841C}.Debug|iPhone.ActiveCfg = Debug|Any CPU
		{B63A68AC-B15A-47D9-B593-C395297C841C}.Debug|iPhone.Build.0 = Debug|Any CPU
		{B63A68AC-B15A-47D9-B593-C395297C841C}.Debug|iPhoneSimulator.ActiveCfg = Debug|Any CPU
		{B63A68AC-B15A-47D9-B593-C395297C841C}.Debug|iPhoneSimulator.Build.0 = Debug|Any CPU
		{B63A68AC-B15A-47D9-B593-C395297C841C}.Debug|x64.ActiveCfg = Debug|Any CPU
		{B63A68AC-B15A-47D9-B593-C395297C841C}.Debug|x64.Build.0 = Debug|Any CPU
		{B63A68AC-B15A-47D9-B593-C395297C841C}.Debug|x86.ActiveCfg = Debug|Any CPU
		{B63A68AC-B15A-47D9-B593-C395297C841C}.Debug|x86.Build.0 = Debug|Any CPU
		{B63A68AC-B15A-47D9-B593-C395297C841C}.Release|Any CPU.ActiveCfg = Release|Any CPU
		{B63A68AC-B15A-47D9-B593-C395297C841C}.Release|Any CPU.Build.0 = Release|Any CPU
		{B63A68AC-B15A-47D9-B593-C395297C841C}.Release|ARM.ActiveCfg = Release|Any CPU
		{B63A68AC-B15A-47D9-B593-C395297C841C}.Release|ARM.Build.0 = Release|Any CPU
		{B63A68AC-B15A-47D9-B593-C395297C841C}.Release|ARM64.ActiveCfg = Release|Any CPU
		{B63A68AC-B15A-47D9-B593-C395297C841C}.Release|ARM64.Build.0 = Release|Any CPU
		{B63A68AC-B15A-47D9-B593-C395297C841C}.Release|iPhone.ActiveCfg = Release|Any CPU
		{B63A68AC-B15A-47D9-B593-C395297C841C}.Release|iPhone.Build.0 = Release|Any CPU
		{B63A68AC-B15A-47D9-B593-C395297C841C}.Release|iPhoneSimulator.ActiveCfg = Release|Any CPU
		{B63A68AC-B15A-47D9-B593-C395297C841C}.Release|iPhoneSimulator.Build.0 = Release|Any CPU
		{B63A68AC-B15A-47D9-B593-C395297C841C}.Release|x64.ActiveCfg = Release|Any CPU
		{B63A68AC-B15A-47D9-B593-C395297C841C}.Release|x64.Build.0 = Release|Any CPU
		{B63A68AC-B15A-47D9-B593-C395297C841C}.Release|x86.ActiveCfg = Release|Any CPU
		{B63A68AC-B15A-47D9-B593-C395297C841C}.Release|x86.Build.0 = Release|Any CPU
		{09C41A48-7BF3-4A46-9EB8-CE95B4C27CA9}.Ad-Hoc|Any CPU.ActiveCfg = Release|Any CPU
		{09C41A48-7BF3-4A46-9EB8-CE95B4C27CA9}.Ad-Hoc|Any CPU.Build.0 = Release|Any CPU
		{09C41A48-7BF3-4A46-9EB8-CE95B4C27CA9}.Ad-Hoc|ARM.ActiveCfg = Release|Any CPU
		{09C41A48-7BF3-4A46-9EB8-CE95B4C27CA9}.Ad-Hoc|ARM.Build.0 = Release|Any CPU
		{09C41A48-7BF3-4A46-9EB8-CE95B4C27CA9}.Ad-Hoc|ARM64.ActiveCfg = Debug|Any CPU
		{09C41A48-7BF3-4A46-9EB8-CE95B4C27CA9}.Ad-Hoc|ARM64.Build.0 = Debug|Any CPU
		{09C41A48-7BF3-4A46-9EB8-CE95B4C27CA9}.Ad-Hoc|iPhone.ActiveCfg = Release|Any CPU
		{09C41A48-7BF3-4A46-9EB8-CE95B4C27CA9}.Ad-Hoc|iPhone.Build.0 = Release|Any CPU
		{09C41A48-7BF3-4A46-9EB8-CE95B4C27CA9}.Ad-Hoc|iPhoneSimulator.ActiveCfg = Release|Any CPU
		{09C41A48-7BF3-4A46-9EB8-CE95B4C27CA9}.Ad-Hoc|iPhoneSimulator.Build.0 = Release|Any CPU
		{09C41A48-7BF3-4A46-9EB8-CE95B4C27CA9}.Ad-Hoc|x64.ActiveCfg = Release|Any CPU
		{09C41A48-7BF3-4A46-9EB8-CE95B4C27CA9}.Ad-Hoc|x64.Build.0 = Release|Any CPU
		{09C41A48-7BF3-4A46-9EB8-CE95B4C27CA9}.Ad-Hoc|x86.ActiveCfg = Release|Any CPU
		{09C41A48-7BF3-4A46-9EB8-CE95B4C27CA9}.Ad-Hoc|x86.Build.0 = Release|Any CPU
		{09C41A48-7BF3-4A46-9EB8-CE95B4C27CA9}.AppStore|Any CPU.ActiveCfg = Release|Any CPU
		{09C41A48-7BF3-4A46-9EB8-CE95B4C27CA9}.AppStore|Any CPU.Build.0 = Release|Any CPU
		{09C41A48-7BF3-4A46-9EB8-CE95B4C27CA9}.AppStore|ARM.ActiveCfg = Release|Any CPU
		{09C41A48-7BF3-4A46-9EB8-CE95B4C27CA9}.AppStore|ARM.Build.0 = Release|Any CPU
		{09C41A48-7BF3-4A46-9EB8-CE95B4C27CA9}.AppStore|ARM64.ActiveCfg = Debug|Any CPU
		{09C41A48-7BF3-4A46-9EB8-CE95B4C27CA9}.AppStore|ARM64.Build.0 = Debug|Any CPU
		{09C41A48-7BF3-4A46-9EB8-CE95B4C27CA9}.AppStore|iPhone.ActiveCfg = Release|Any CPU
		{09C41A48-7BF3-4A46-9EB8-CE95B4C27CA9}.AppStore|iPhone.Build.0 = Release|Any CPU
		{09C41A48-7BF3-4A46-9EB8-CE95B4C27CA9}.AppStore|iPhoneSimulator.ActiveCfg = Release|Any CPU
		{09C41A48-7BF3-4A46-9EB8-CE95B4C27CA9}.AppStore|iPhoneSimulator.Build.0 = Release|Any CPU
		{09C41A48-7BF3-4A46-9EB8-CE95B4C27CA9}.AppStore|x64.ActiveCfg = Release|Any CPU
		{09C41A48-7BF3-4A46-9EB8-CE95B4C27CA9}.AppStore|x64.Build.0 = Release|Any CPU
		{09C41A48-7BF3-4A46-9EB8-CE95B4C27CA9}.AppStore|x86.ActiveCfg = Release|Any CPU
		{09C41A48-7BF3-4A46-9EB8-CE95B4C27CA9}.AppStore|x86.Build.0 = Release|Any CPU
		{09C41A48-7BF3-4A46-9EB8-CE95B4C27CA9}.Debug|Any CPU.ActiveCfg = Debug|Any CPU
		{09C41A48-7BF3-4A46-9EB8-CE95B4C27CA9}.Debug|Any CPU.Build.0 = Debug|Any CPU
		{09C41A48-7BF3-4A46-9EB8-CE95B4C27CA9}.Debug|ARM.ActiveCfg = Debug|Any CPU
		{09C41A48-7BF3-4A46-9EB8-CE95B4C27CA9}.Debug|ARM.Build.0 = Debug|Any CPU
		{09C41A48-7BF3-4A46-9EB8-CE95B4C27CA9}.Debug|ARM64.ActiveCfg = Debug|Any CPU
		{09C41A48-7BF3-4A46-9EB8-CE95B4C27CA9}.Debug|ARM64.Build.0 = Debug|Any CPU
		{09C41A48-7BF3-4A46-9EB8-CE95B4C27CA9}.Debug|iPhone.ActiveCfg = Debug|Any CPU
		{09C41A48-7BF3-4A46-9EB8-CE95B4C27CA9}.Debug|iPhone.Build.0 = Debug|Any CPU
		{09C41A48-7BF3-4A46-9EB8-CE95B4C27CA9}.Debug|iPhoneSimulator.ActiveCfg = Debug|Any CPU
		{09C41A48-7BF3-4A46-9EB8-CE95B4C27CA9}.Debug|iPhoneSimulator.Build.0 = Debug|Any CPU
		{09C41A48-7BF3-4A46-9EB8-CE95B4C27CA9}.Debug|x64.ActiveCfg = Debug|Any CPU
		{09C41A48-7BF3-4A46-9EB8-CE95B4C27CA9}.Debug|x64.Build.0 = Debug|Any CPU
		{09C41A48-7BF3-4A46-9EB8-CE95B4C27CA9}.Debug|x86.ActiveCfg = Debug|Any CPU
		{09C41A48-7BF3-4A46-9EB8-CE95B4C27CA9}.Debug|x86.Build.0 = Debug|Any CPU
		{09C41A48-7BF3-4A46-9EB8-CE95B4C27CA9}.Release|Any CPU.ActiveCfg = Release|Any CPU
		{09C41A48-7BF3-4A46-9EB8-CE95B4C27CA9}.Release|Any CPU.Build.0 = Release|Any CPU
		{09C41A48-7BF3-4A46-9EB8-CE95B4C27CA9}.Release|ARM.ActiveCfg = Release|Any CPU
		{09C41A48-7BF3-4A46-9EB8-CE95B4C27CA9}.Release|ARM.Build.0 = Release|Any CPU
		{09C41A48-7BF3-4A46-9EB8-CE95B4C27CA9}.Release|ARM64.ActiveCfg = Release|Any CPU
		{09C41A48-7BF3-4A46-9EB8-CE95B4C27CA9}.Release|ARM64.Build.0 = Release|Any CPU
		{09C41A48-7BF3-4A46-9EB8-CE95B4C27CA9}.Release|iPhone.ActiveCfg = Release|Any CPU
		{09C41A48-7BF3-4A46-9EB8-CE95B4C27CA9}.Release|iPhone.Build.0 = Release|Any CPU
		{09C41A48-7BF3-4A46-9EB8-CE95B4C27CA9}.Release|iPhoneSimulator.ActiveCfg = Release|Any CPU
		{09C41A48-7BF3-4A46-9EB8-CE95B4C27CA9}.Release|iPhoneSimulator.Build.0 = Release|Any CPU
		{09C41A48-7BF3-4A46-9EB8-CE95B4C27CA9}.Release|x64.ActiveCfg = Release|Any CPU
		{09C41A48-7BF3-4A46-9EB8-CE95B4C27CA9}.Release|x64.Build.0 = Release|Any CPU
		{09C41A48-7BF3-4A46-9EB8-CE95B4C27CA9}.Release|x86.ActiveCfg = Release|Any CPU
		{09C41A48-7BF3-4A46-9EB8-CE95B4C27CA9}.Release|x86.Build.0 = Release|Any CPU
		{A2896FDD-706D-4AC0-9ADD-85C04897991C}.Ad-Hoc|Any CPU.ActiveCfg = Release|x86
		{A2896FDD-706D-4AC0-9ADD-85C04897991C}.Ad-Hoc|Any CPU.Build.0 = Release|x86
		{A2896FDD-706D-4AC0-9ADD-85C04897991C}.Ad-Hoc|Any CPU.Deploy.0 = Release|x86
		{A2896FDD-706D-4AC0-9ADD-85C04897991C}.Ad-Hoc|ARM.ActiveCfg = Release|ARM
		{A2896FDD-706D-4AC0-9ADD-85C04897991C}.Ad-Hoc|ARM.Build.0 = Release|ARM
		{A2896FDD-706D-4AC0-9ADD-85C04897991C}.Ad-Hoc|ARM.Deploy.0 = Release|ARM
		{A2896FDD-706D-4AC0-9ADD-85C04897991C}.Ad-Hoc|ARM64.ActiveCfg = Release|x86
		{A2896FDD-706D-4AC0-9ADD-85C04897991C}.Ad-Hoc|ARM64.Build.0 = Release|x86
		{A2896FDD-706D-4AC0-9ADD-85C04897991C}.Ad-Hoc|ARM64.Deploy.0 = Release|x86
		{A2896FDD-706D-4AC0-9ADD-85C04897991C}.Ad-Hoc|iPhone.ActiveCfg = Release|x86
		{A2896FDD-706D-4AC0-9ADD-85C04897991C}.Ad-Hoc|iPhone.Build.0 = Release|x86
		{A2896FDD-706D-4AC0-9ADD-85C04897991C}.Ad-Hoc|iPhone.Deploy.0 = Release|x86
		{A2896FDD-706D-4AC0-9ADD-85C04897991C}.Ad-Hoc|iPhoneSimulator.ActiveCfg = Release|x86
		{A2896FDD-706D-4AC0-9ADD-85C04897991C}.Ad-Hoc|iPhoneSimulator.Build.0 = Release|x86
		{A2896FDD-706D-4AC0-9ADD-85C04897991C}.Ad-Hoc|iPhoneSimulator.Deploy.0 = Release|x86
		{A2896FDD-706D-4AC0-9ADD-85C04897991C}.Ad-Hoc|x64.ActiveCfg = Release|x64
		{A2896FDD-706D-4AC0-9ADD-85C04897991C}.Ad-Hoc|x64.Build.0 = Release|x64
		{A2896FDD-706D-4AC0-9ADD-85C04897991C}.Ad-Hoc|x64.Deploy.0 = Release|x64
		{A2896FDD-706D-4AC0-9ADD-85C04897991C}.Ad-Hoc|x86.ActiveCfg = Release|x86
		{A2896FDD-706D-4AC0-9ADD-85C04897991C}.Ad-Hoc|x86.Build.0 = Release|x86
		{A2896FDD-706D-4AC0-9ADD-85C04897991C}.Ad-Hoc|x86.Deploy.0 = Release|x86
		{A2896FDD-706D-4AC0-9ADD-85C04897991C}.AppStore|Any CPU.ActiveCfg = Release|x86
		{A2896FDD-706D-4AC0-9ADD-85C04897991C}.AppStore|Any CPU.Build.0 = Release|x86
		{A2896FDD-706D-4AC0-9ADD-85C04897991C}.AppStore|Any CPU.Deploy.0 = Release|x86
		{A2896FDD-706D-4AC0-9ADD-85C04897991C}.AppStore|ARM.ActiveCfg = Release|ARM
		{A2896FDD-706D-4AC0-9ADD-85C04897991C}.AppStore|ARM.Build.0 = Release|ARM
		{A2896FDD-706D-4AC0-9ADD-85C04897991C}.AppStore|ARM.Deploy.0 = Release|ARM
		{A2896FDD-706D-4AC0-9ADD-85C04897991C}.AppStore|ARM64.ActiveCfg = Release|x86
		{A2896FDD-706D-4AC0-9ADD-85C04897991C}.AppStore|ARM64.Build.0 = Release|x86
		{A2896FDD-706D-4AC0-9ADD-85C04897991C}.AppStore|ARM64.Deploy.0 = Release|x86
		{A2896FDD-706D-4AC0-9ADD-85C04897991C}.AppStore|iPhone.ActiveCfg = Release|x86
		{A2896FDD-706D-4AC0-9ADD-85C04897991C}.AppStore|iPhone.Build.0 = Release|x86
		{A2896FDD-706D-4AC0-9ADD-85C04897991C}.AppStore|iPhone.Deploy.0 = Release|x86
		{A2896FDD-706D-4AC0-9ADD-85C04897991C}.AppStore|iPhoneSimulator.ActiveCfg = Release|x86
		{A2896FDD-706D-4AC0-9ADD-85C04897991C}.AppStore|iPhoneSimulator.Build.0 = Release|x86
		{A2896FDD-706D-4AC0-9ADD-85C04897991C}.AppStore|iPhoneSimulator.Deploy.0 = Release|x86
		{A2896FDD-706D-4AC0-9ADD-85C04897991C}.AppStore|x64.ActiveCfg = Release|x64
		{A2896FDD-706D-4AC0-9ADD-85C04897991C}.AppStore|x64.Build.0 = Release|x64
		{A2896FDD-706D-4AC0-9ADD-85C04897991C}.AppStore|x64.Deploy.0 = Release|x64
		{A2896FDD-706D-4AC0-9ADD-85C04897991C}.AppStore|x86.ActiveCfg = Release|x86
		{A2896FDD-706D-4AC0-9ADD-85C04897991C}.AppStore|x86.Build.0 = Release|x86
		{A2896FDD-706D-4AC0-9ADD-85C04897991C}.AppStore|x86.Deploy.0 = Release|x86
		{A2896FDD-706D-4AC0-9ADD-85C04897991C}.Debug|Any CPU.ActiveCfg = Debug|x86
		{A2896FDD-706D-4AC0-9ADD-85C04897991C}.Debug|ARM.ActiveCfg = Debug|ARM
		{A2896FDD-706D-4AC0-9ADD-85C04897991C}.Debug|ARM.Build.0 = Debug|ARM
		{A2896FDD-706D-4AC0-9ADD-85C04897991C}.Debug|ARM.Deploy.0 = Debug|ARM
		{A2896FDD-706D-4AC0-9ADD-85C04897991C}.Debug|ARM64.ActiveCfg = Debug|x86
		{A2896FDD-706D-4AC0-9ADD-85C04897991C}.Debug|iPhone.ActiveCfg = Debug|x86
		{A2896FDD-706D-4AC0-9ADD-85C04897991C}.Debug|iPhoneSimulator.ActiveCfg = Debug|x86
		{A2896FDD-706D-4AC0-9ADD-85C04897991C}.Debug|x64.ActiveCfg = Debug|x64
		{A2896FDD-706D-4AC0-9ADD-85C04897991C}.Debug|x64.Build.0 = Debug|x64
		{A2896FDD-706D-4AC0-9ADD-85C04897991C}.Debug|x64.Deploy.0 = Debug|x64
		{A2896FDD-706D-4AC0-9ADD-85C04897991C}.Debug|x86.ActiveCfg = Debug|x86
		{A2896FDD-706D-4AC0-9ADD-85C04897991C}.Debug|x86.Build.0 = Debug|x86
		{A2896FDD-706D-4AC0-9ADD-85C04897991C}.Debug|x86.Deploy.0 = Debug|x86
		{A2896FDD-706D-4AC0-9ADD-85C04897991C}.Release|Any CPU.ActiveCfg = Release|x86
		{A2896FDD-706D-4AC0-9ADD-85C04897991C}.Release|ARM.ActiveCfg = Release|ARM
		{A2896FDD-706D-4AC0-9ADD-85C04897991C}.Release|ARM.Build.0 = Release|ARM
		{A2896FDD-706D-4AC0-9ADD-85C04897991C}.Release|ARM.Deploy.0 = Release|ARM
		{A2896FDD-706D-4AC0-9ADD-85C04897991C}.Release|ARM64.ActiveCfg = Release|x86
		{A2896FDD-706D-4AC0-9ADD-85C04897991C}.Release|iPhone.ActiveCfg = Release|x86
		{A2896FDD-706D-4AC0-9ADD-85C04897991C}.Release|iPhoneSimulator.ActiveCfg = Release|x86
		{A2896FDD-706D-4AC0-9ADD-85C04897991C}.Release|x64.ActiveCfg = Release|x64
		{A2896FDD-706D-4AC0-9ADD-85C04897991C}.Release|x64.Build.0 = Release|x64
		{A2896FDD-706D-4AC0-9ADD-85C04897991C}.Release|x64.Deploy.0 = Release|x64
		{A2896FDD-706D-4AC0-9ADD-85C04897991C}.Release|x86.ActiveCfg = Release|x86
		{A2896FDD-706D-4AC0-9ADD-85C04897991C}.Release|x86.Build.0 = Release|x86
		{A2896FDD-706D-4AC0-9ADD-85C04897991C}.Release|x86.Deploy.0 = Release|x86
		{9ECFC99F-01DC-4A06-85B4-24630B91EDBB}.Ad-Hoc|Any CPU.ActiveCfg = Release|Any CPU
		{9ECFC99F-01DC-4A06-85B4-24630B91EDBB}.Ad-Hoc|Any CPU.Build.0 = Release|Any CPU
		{9ECFC99F-01DC-4A06-85B4-24630B91EDBB}.Ad-Hoc|ARM.ActiveCfg = Release|Any CPU
		{9ECFC99F-01DC-4A06-85B4-24630B91EDBB}.Ad-Hoc|ARM.Build.0 = Release|Any CPU
		{9ECFC99F-01DC-4A06-85B4-24630B91EDBB}.Ad-Hoc|ARM64.ActiveCfg = Release|Any CPU
		{9ECFC99F-01DC-4A06-85B4-24630B91EDBB}.Ad-Hoc|ARM64.Build.0 = Release|Any CPU
		{9ECFC99F-01DC-4A06-85B4-24630B91EDBB}.Ad-Hoc|iPhone.ActiveCfg = Release|Any CPU
		{9ECFC99F-01DC-4A06-85B4-24630B91EDBB}.Ad-Hoc|iPhone.Build.0 = Release|Any CPU
		{9ECFC99F-01DC-4A06-85B4-24630B91EDBB}.Ad-Hoc|iPhoneSimulator.ActiveCfg = Release|Any CPU
		{9ECFC99F-01DC-4A06-85B4-24630B91EDBB}.Ad-Hoc|iPhoneSimulator.Build.0 = Release|Any CPU
		{9ECFC99F-01DC-4A06-85B4-24630B91EDBB}.Ad-Hoc|x64.ActiveCfg = Release|Any CPU
		{9ECFC99F-01DC-4A06-85B4-24630B91EDBB}.Ad-Hoc|x64.Build.0 = Release|Any CPU
		{9ECFC99F-01DC-4A06-85B4-24630B91EDBB}.Ad-Hoc|x86.ActiveCfg = Release|Any CPU
		{9ECFC99F-01DC-4A06-85B4-24630B91EDBB}.Ad-Hoc|x86.Build.0 = Release|Any CPU
		{9ECFC99F-01DC-4A06-85B4-24630B91EDBB}.AppStore|Any CPU.ActiveCfg = Release|Any CPU
		{9ECFC99F-01DC-4A06-85B4-24630B91EDBB}.AppStore|Any CPU.Build.0 = Release|Any CPU
		{9ECFC99F-01DC-4A06-85B4-24630B91EDBB}.AppStore|ARM.ActiveCfg = Release|Any CPU
		{9ECFC99F-01DC-4A06-85B4-24630B91EDBB}.AppStore|ARM.Build.0 = Release|Any CPU
		{9ECFC99F-01DC-4A06-85B4-24630B91EDBB}.AppStore|ARM64.ActiveCfg = Release|Any CPU
		{9ECFC99F-01DC-4A06-85B4-24630B91EDBB}.AppStore|ARM64.Build.0 = Release|Any CPU
		{9ECFC99F-01DC-4A06-85B4-24630B91EDBB}.AppStore|iPhone.ActiveCfg = Release|Any CPU
		{9ECFC99F-01DC-4A06-85B4-24630B91EDBB}.AppStore|iPhone.Build.0 = Release|Any CPU
		{9ECFC99F-01DC-4A06-85B4-24630B91EDBB}.AppStore|iPhoneSimulator.ActiveCfg = Release|Any CPU
		{9ECFC99F-01DC-4A06-85B4-24630B91EDBB}.AppStore|iPhoneSimulator.Build.0 = Release|Any CPU
		{9ECFC99F-01DC-4A06-85B4-24630B91EDBB}.AppStore|x64.ActiveCfg = Release|Any CPU
		{9ECFC99F-01DC-4A06-85B4-24630B91EDBB}.AppStore|x64.Build.0 = Release|Any CPU
		{9ECFC99F-01DC-4A06-85B4-24630B91EDBB}.AppStore|x86.ActiveCfg = Release|Any CPU
		{9ECFC99F-01DC-4A06-85B4-24630B91EDBB}.AppStore|x86.Build.0 = Release|Any CPU
		{9ECFC99F-01DC-4A06-85B4-24630B91EDBB}.Debug|Any CPU.ActiveCfg = Debug|Any CPU
		{9ECFC99F-01DC-4A06-85B4-24630B91EDBB}.Debug|Any CPU.Build.0 = Debug|Any CPU
		{9ECFC99F-01DC-4A06-85B4-24630B91EDBB}.Debug|ARM.ActiveCfg = Debug|Any CPU
		{9ECFC99F-01DC-4A06-85B4-24630B91EDBB}.Debug|ARM.Build.0 = Debug|Any CPU
		{9ECFC99F-01DC-4A06-85B4-24630B91EDBB}.Debug|ARM64.ActiveCfg = Debug|Any CPU
		{9ECFC99F-01DC-4A06-85B4-24630B91EDBB}.Debug|ARM64.Build.0 = Debug|Any CPU
		{9ECFC99F-01DC-4A06-85B4-24630B91EDBB}.Debug|iPhone.ActiveCfg = Debug|Any CPU
		{9ECFC99F-01DC-4A06-85B4-24630B91EDBB}.Debug|iPhone.Build.0 = Debug|Any CPU
		{9ECFC99F-01DC-4A06-85B4-24630B91EDBB}.Debug|iPhoneSimulator.ActiveCfg = Debug|Any CPU
		{9ECFC99F-01DC-4A06-85B4-24630B91EDBB}.Debug|iPhoneSimulator.Build.0 = Debug|Any CPU
		{9ECFC99F-01DC-4A06-85B4-24630B91EDBB}.Debug|x64.ActiveCfg = Debug|Any CPU
		{9ECFC99F-01DC-4A06-85B4-24630B91EDBB}.Debug|x64.Build.0 = Debug|Any CPU
		{9ECFC99F-01DC-4A06-85B4-24630B91EDBB}.Debug|x86.ActiveCfg = Debug|Any CPU
		{9ECFC99F-01DC-4A06-85B4-24630B91EDBB}.Debug|x86.Build.0 = Debug|Any CPU
		{9ECFC99F-01DC-4A06-85B4-24630B91EDBB}.Release|Any CPU.ActiveCfg = Release|Any CPU
		{9ECFC99F-01DC-4A06-85B4-24630B91EDBB}.Release|Any CPU.Build.0 = Release|Any CPU
		{9ECFC99F-01DC-4A06-85B4-24630B91EDBB}.Release|ARM.ActiveCfg = Release|Any CPU
		{9ECFC99F-01DC-4A06-85B4-24630B91EDBB}.Release|ARM.Build.0 = Release|Any CPU
		{9ECFC99F-01DC-4A06-85B4-24630B91EDBB}.Release|ARM64.ActiveCfg = Release|Any CPU
		{9ECFC99F-01DC-4A06-85B4-24630B91EDBB}.Release|ARM64.Build.0 = Release|Any CPU
		{9ECFC99F-01DC-4A06-85B4-24630B91EDBB}.Release|iPhone.ActiveCfg = Release|Any CPU
		{9ECFC99F-01DC-4A06-85B4-24630B91EDBB}.Release|iPhone.Build.0 = Release|Any CPU
		{9ECFC99F-01DC-4A06-85B4-24630B91EDBB}.Release|iPhoneSimulator.ActiveCfg = Release|Any CPU
		{9ECFC99F-01DC-4A06-85B4-24630B91EDBB}.Release|iPhoneSimulator.Build.0 = Release|Any CPU
		{9ECFC99F-01DC-4A06-85B4-24630B91EDBB}.Release|x64.ActiveCfg = Release|Any CPU
		{9ECFC99F-01DC-4A06-85B4-24630B91EDBB}.Release|x64.Build.0 = Release|Any CPU
		{9ECFC99F-01DC-4A06-85B4-24630B91EDBB}.Release|x86.ActiveCfg = Release|Any CPU
		{9ECFC99F-01DC-4A06-85B4-24630B91EDBB}.Release|x86.Build.0 = Release|Any CPU
		{22F3D774-5B49-4B5D-9480-6B5E9DE95234}.Ad-Hoc|Any CPU.ActiveCfg = Release|Any CPU
		{22F3D774-5B49-4B5D-9480-6B5E9DE95234}.Ad-Hoc|Any CPU.Build.0 = Release|Any CPU
		{22F3D774-5B49-4B5D-9480-6B5E9DE95234}.Ad-Hoc|ARM.ActiveCfg = Release|Any CPU
		{22F3D774-5B49-4B5D-9480-6B5E9DE95234}.Ad-Hoc|ARM.Build.0 = Release|Any CPU
		{22F3D774-5B49-4B5D-9480-6B5E9DE95234}.Ad-Hoc|ARM64.ActiveCfg = Release|Any CPU
		{22F3D774-5B49-4B5D-9480-6B5E9DE95234}.Ad-Hoc|ARM64.Build.0 = Release|Any CPU
		{22F3D774-5B49-4B5D-9480-6B5E9DE95234}.Ad-Hoc|iPhone.ActiveCfg = Release|Any CPU
		{22F3D774-5B49-4B5D-9480-6B5E9DE95234}.Ad-Hoc|iPhone.Build.0 = Release|Any CPU
		{22F3D774-5B49-4B5D-9480-6B5E9DE95234}.Ad-Hoc|iPhoneSimulator.ActiveCfg = Release|Any CPU
		{22F3D774-5B49-4B5D-9480-6B5E9DE95234}.Ad-Hoc|iPhoneSimulator.Build.0 = Release|Any CPU
		{22F3D774-5B49-4B5D-9480-6B5E9DE95234}.Ad-Hoc|x64.ActiveCfg = Release|Any CPU
		{22F3D774-5B49-4B5D-9480-6B5E9DE95234}.Ad-Hoc|x64.Build.0 = Release|Any CPU
		{22F3D774-5B49-4B5D-9480-6B5E9DE95234}.Ad-Hoc|x86.ActiveCfg = Release|Any CPU
		{22F3D774-5B49-4B5D-9480-6B5E9DE95234}.Ad-Hoc|x86.Build.0 = Release|Any CPU
		{22F3D774-5B49-4B5D-9480-6B5E9DE95234}.AppStore|Any CPU.ActiveCfg = Release|Any CPU
		{22F3D774-5B49-4B5D-9480-6B5E9DE95234}.AppStore|Any CPU.Build.0 = Release|Any CPU
		{22F3D774-5B49-4B5D-9480-6B5E9DE95234}.AppStore|ARM.ActiveCfg = Release|Any CPU
		{22F3D774-5B49-4B5D-9480-6B5E9DE95234}.AppStore|ARM.Build.0 = Release|Any CPU
		{22F3D774-5B49-4B5D-9480-6B5E9DE95234}.AppStore|ARM64.ActiveCfg = Release|Any CPU
		{22F3D774-5B49-4B5D-9480-6B5E9DE95234}.AppStore|ARM64.Build.0 = Release|Any CPU
		{22F3D774-5B49-4B5D-9480-6B5E9DE95234}.AppStore|iPhone.ActiveCfg = Release|Any CPU
		{22F3D774-5B49-4B5D-9480-6B5E9DE95234}.AppStore|iPhone.Build.0 = Release|Any CPU
		{22F3D774-5B49-4B5D-9480-6B5E9DE95234}.AppStore|iPhoneSimulator.ActiveCfg = Release|Any CPU
		{22F3D774-5B49-4B5D-9480-6B5E9DE95234}.AppStore|iPhoneSimulator.Build.0 = Release|Any CPU
		{22F3D774-5B49-4B5D-9480-6B5E9DE95234}.AppStore|x64.ActiveCfg = Release|Any CPU
		{22F3D774-5B49-4B5D-9480-6B5E9DE95234}.AppStore|x64.Build.0 = Release|Any CPU
		{22F3D774-5B49-4B5D-9480-6B5E9DE95234}.AppStore|x86.ActiveCfg = Release|Any CPU
		{22F3D774-5B49-4B5D-9480-6B5E9DE95234}.AppStore|x86.Build.0 = Release|Any CPU
		{22F3D774-5B49-4B5D-9480-6B5E9DE95234}.Debug|Any CPU.ActiveCfg = Debug|Any CPU
		{22F3D774-5B49-4B5D-9480-6B5E9DE95234}.Debug|Any CPU.Build.0 = Debug|Any CPU
		{22F3D774-5B49-4B5D-9480-6B5E9DE95234}.Debug|ARM.ActiveCfg = Debug|Any CPU
		{22F3D774-5B49-4B5D-9480-6B5E9DE95234}.Debug|ARM.Build.0 = Debug|Any CPU
		{22F3D774-5B49-4B5D-9480-6B5E9DE95234}.Debug|ARM64.ActiveCfg = Debug|Any CPU
		{22F3D774-5B49-4B5D-9480-6B5E9DE95234}.Debug|ARM64.Build.0 = Debug|Any CPU
		{22F3D774-5B49-4B5D-9480-6B5E9DE95234}.Debug|iPhone.ActiveCfg = Debug|Any CPU
		{22F3D774-5B49-4B5D-9480-6B5E9DE95234}.Debug|iPhone.Build.0 = Debug|Any CPU
		{22F3D774-5B49-4B5D-9480-6B5E9DE95234}.Debug|iPhoneSimulator.ActiveCfg = Debug|Any CPU
		{22F3D774-5B49-4B5D-9480-6B5E9DE95234}.Debug|iPhoneSimulator.Build.0 = Debug|Any CPU
		{22F3D774-5B49-4B5D-9480-6B5E9DE95234}.Debug|x64.ActiveCfg = Debug|Any CPU
		{22F3D774-5B49-4B5D-9480-6B5E9DE95234}.Debug|x64.Build.0 = Debug|Any CPU
		{22F3D774-5B49-4B5D-9480-6B5E9DE95234}.Debug|x86.ActiveCfg = Debug|Any CPU
		{22F3D774-5B49-4B5D-9480-6B5E9DE95234}.Debug|x86.Build.0 = Debug|Any CPU
		{22F3D774-5B49-4B5D-9480-6B5E9DE95234}.Release|Any CPU.ActiveCfg = Release|Any CPU
		{22F3D774-5B49-4B5D-9480-6B5E9DE95234}.Release|Any CPU.Build.0 = Release|Any CPU
		{22F3D774-5B49-4B5D-9480-6B5E9DE95234}.Release|ARM.ActiveCfg = Release|Any CPU
		{22F3D774-5B49-4B5D-9480-6B5E9DE95234}.Release|ARM.Build.0 = Release|Any CPU
		{22F3D774-5B49-4B5D-9480-6B5E9DE95234}.Release|ARM64.ActiveCfg = Release|Any CPU
		{22F3D774-5B49-4B5D-9480-6B5E9DE95234}.Release|ARM64.Build.0 = Release|Any CPU
		{22F3D774-5B49-4B5D-9480-6B5E9DE95234}.Release|iPhone.ActiveCfg = Release|Any CPU
		{22F3D774-5B49-4B5D-9480-6B5E9DE95234}.Release|iPhone.Build.0 = Release|Any CPU
		{22F3D774-5B49-4B5D-9480-6B5E9DE95234}.Release|iPhoneSimulator.ActiveCfg = Release|Any CPU
		{22F3D774-5B49-4B5D-9480-6B5E9DE95234}.Release|iPhoneSimulator.Build.0 = Release|Any CPU
		{22F3D774-5B49-4B5D-9480-6B5E9DE95234}.Release|x64.ActiveCfg = Release|Any CPU
		{22F3D774-5B49-4B5D-9480-6B5E9DE95234}.Release|x64.Build.0 = Release|Any CPU
		{22F3D774-5B49-4B5D-9480-6B5E9DE95234}.Release|x86.ActiveCfg = Release|Any CPU
		{22F3D774-5B49-4B5D-9480-6B5E9DE95234}.Release|x86.Build.0 = Release|Any CPU
		{7DE47032-A904-4C29-BD22-2D235E8D91BA}.Ad-Hoc|Any CPU.ActiveCfg = Release|Any CPU
		{7DE47032-A904-4C29-BD22-2D235E8D91BA}.Ad-Hoc|Any CPU.Build.0 = Release|Any CPU
		{7DE47032-A904-4C29-BD22-2D235E8D91BA}.Ad-Hoc|ARM.ActiveCfg = Release|Any CPU
		{7DE47032-A904-4C29-BD22-2D235E8D91BA}.Ad-Hoc|ARM.Build.0 = Release|Any CPU
		{7DE47032-A904-4C29-BD22-2D235E8D91BA}.Ad-Hoc|ARM64.ActiveCfg = Release|Any CPU
		{7DE47032-A904-4C29-BD22-2D235E8D91BA}.Ad-Hoc|ARM64.Build.0 = Release|Any CPU
		{7DE47032-A904-4C29-BD22-2D235E8D91BA}.Ad-Hoc|iPhone.ActiveCfg = Release|Any CPU
		{7DE47032-A904-4C29-BD22-2D235E8D91BA}.Ad-Hoc|iPhone.Build.0 = Release|Any CPU
		{7DE47032-A904-4C29-BD22-2D235E8D91BA}.Ad-Hoc|iPhoneSimulator.ActiveCfg = Release|Any CPU
		{7DE47032-A904-4C29-BD22-2D235E8D91BA}.Ad-Hoc|iPhoneSimulator.Build.0 = Release|Any CPU
		{7DE47032-A904-4C29-BD22-2D235E8D91BA}.Ad-Hoc|x64.ActiveCfg = Release|Any CPU
		{7DE47032-A904-4C29-BD22-2D235E8D91BA}.Ad-Hoc|x64.Build.0 = Release|Any CPU
		{7DE47032-A904-4C29-BD22-2D235E8D91BA}.Ad-Hoc|x86.ActiveCfg = Release|Any CPU
		{7DE47032-A904-4C29-BD22-2D235E8D91BA}.Ad-Hoc|x86.Build.0 = Release|Any CPU
		{7DE47032-A904-4C29-BD22-2D235E8D91BA}.AppStore|Any CPU.ActiveCfg = Release|Any CPU
		{7DE47032-A904-4C29-BD22-2D235E8D91BA}.AppStore|Any CPU.Build.0 = Release|Any CPU
		{7DE47032-A904-4C29-BD22-2D235E8D91BA}.AppStore|ARM.ActiveCfg = Release|Any CPU
		{7DE47032-A904-4C29-BD22-2D235E8D91BA}.AppStore|ARM.Build.0 = Release|Any CPU
		{7DE47032-A904-4C29-BD22-2D235E8D91BA}.AppStore|ARM64.ActiveCfg = Release|Any CPU
		{7DE47032-A904-4C29-BD22-2D235E8D91BA}.AppStore|ARM64.Build.0 = Release|Any CPU
		{7DE47032-A904-4C29-BD22-2D235E8D91BA}.AppStore|iPhone.ActiveCfg = Release|Any CPU
		{7DE47032-A904-4C29-BD22-2D235E8D91BA}.AppStore|iPhone.Build.0 = Release|Any CPU
		{7DE47032-A904-4C29-BD22-2D235E8D91BA}.AppStore|iPhoneSimulator.ActiveCfg = Release|Any CPU
		{7DE47032-A904-4C29-BD22-2D235E8D91BA}.AppStore|iPhoneSimulator.Build.0 = Release|Any CPU
		{7DE47032-A904-4C29-BD22-2D235E8D91BA}.AppStore|x64.ActiveCfg = Release|Any CPU
		{7DE47032-A904-4C29-BD22-2D235E8D91BA}.AppStore|x64.Build.0 = Release|Any CPU
		{7DE47032-A904-4C29-BD22-2D235E8D91BA}.AppStore|x86.ActiveCfg = Release|Any CPU
		{7DE47032-A904-4C29-BD22-2D235E8D91BA}.AppStore|x86.Build.0 = Release|Any CPU
		{7DE47032-A904-4C29-BD22-2D235E8D91BA}.Debug|Any CPU.ActiveCfg = Debug|Any CPU
		{7DE47032-A904-4C29-BD22-2D235E8D91BA}.Debug|Any CPU.Build.0 = Debug|Any CPU
		{7DE47032-A904-4C29-BD22-2D235E8D91BA}.Debug|ARM.ActiveCfg = Debug|Any CPU
		{7DE47032-A904-4C29-BD22-2D235E8D91BA}.Debug|ARM.Build.0 = Debug|Any CPU
		{7DE47032-A904-4C29-BD22-2D235E8D91BA}.Debug|ARM64.ActiveCfg = Debug|Any CPU
		{7DE47032-A904-4C29-BD22-2D235E8D91BA}.Debug|ARM64.Build.0 = Debug|Any CPU
		{7DE47032-A904-4C29-BD22-2D235E8D91BA}.Debug|iPhone.ActiveCfg = Debug|Any CPU
		{7DE47032-A904-4C29-BD22-2D235E8D91BA}.Debug|iPhone.Build.0 = Debug|Any CPU
		{7DE47032-A904-4C29-BD22-2D235E8D91BA}.Debug|iPhoneSimulator.ActiveCfg = Debug|Any CPU
		{7DE47032-A904-4C29-BD22-2D235E8D91BA}.Debug|iPhoneSimulator.Build.0 = Debug|Any CPU
		{7DE47032-A904-4C29-BD22-2D235E8D91BA}.Debug|x64.ActiveCfg = Debug|Any CPU
		{7DE47032-A904-4C29-BD22-2D235E8D91BA}.Debug|x64.Build.0 = Debug|Any CPU
		{7DE47032-A904-4C29-BD22-2D235E8D91BA}.Debug|x86.ActiveCfg = Debug|Any CPU
		{7DE47032-A904-4C29-BD22-2D235E8D91BA}.Debug|x86.Build.0 = Debug|Any CPU
		{7DE47032-A904-4C29-BD22-2D235E8D91BA}.Release|Any CPU.ActiveCfg = Release|Any CPU
		{7DE47032-A904-4C29-BD22-2D235E8D91BA}.Release|Any CPU.Build.0 = Release|Any CPU
		{7DE47032-A904-4C29-BD22-2D235E8D91BA}.Release|ARM.ActiveCfg = Release|Any CPU
		{7DE47032-A904-4C29-BD22-2D235E8D91BA}.Release|ARM.Build.0 = Release|Any CPU
		{7DE47032-A904-4C29-BD22-2D235E8D91BA}.Release|ARM64.ActiveCfg = Release|Any CPU
		{7DE47032-A904-4C29-BD22-2D235E8D91BA}.Release|ARM64.Build.0 = Release|Any CPU
		{7DE47032-A904-4C29-BD22-2D235E8D91BA}.Release|iPhone.ActiveCfg = Release|Any CPU
		{7DE47032-A904-4C29-BD22-2D235E8D91BA}.Release|iPhone.Build.0 = Release|Any CPU
		{7DE47032-A904-4C29-BD22-2D235E8D91BA}.Release|iPhoneSimulator.ActiveCfg = Release|Any CPU
		{7DE47032-A904-4C29-BD22-2D235E8D91BA}.Release|iPhoneSimulator.Build.0 = Release|Any CPU
		{7DE47032-A904-4C29-BD22-2D235E8D91BA}.Release|x64.ActiveCfg = Release|Any CPU
		{7DE47032-A904-4C29-BD22-2D235E8D91BA}.Release|x64.Build.0 = Release|Any CPU
		{7DE47032-A904-4C29-BD22-2D235E8D91BA}.Release|x86.ActiveCfg = Release|Any CPU
		{7DE47032-A904-4C29-BD22-2D235E8D91BA}.Release|x86.Build.0 = Release|Any CPU
	EndGlobalSection
	GlobalSection(SolutionProperties) = preSolution
		HideSolutionNode = FALSE
	EndGlobalSection
	GlobalSection(ExtensibilityGlobals) = postSolution
		SolutionGuid = {F05D70B0-DC09-498D-810B-C1ED14FC867C}
	EndGlobalSection
EndGlobal
