
Microsoft Visual Studio Solution File, Format Version 12.00
# Visual Studio 15
VisualStudioVersion = 15.0.28307.1169
MinimumVisualStudioVersion = 10.0.40219.1
Project("{FAE04EC0-301F-11D3-BF4B-00C04F79EFBC}") = "MonoGame.Framework.AndroidForms", "MonoGame.Framework.AndroidForms.csproj", "{B63A68AC-B15A-47D9-B593-C395297C841C}"
EndProject
Global
	GlobalSection(SolutionConfigurationPlatforms) = preSolution
		Debug|Any CPU = Debug|Any CPU
		Release|Any CPU = Release|Any CPU
	EndGlobalSection
	GlobalSection(ProjectConfigurationPlatforms) = postSolution
		{B63A68AC-B15A-47D9-B593-C395297C841C}.Debug|Any CPU.ActiveCfg = Debug|Any CPU
		{B63A68AC-B15A-47D9-B593-C395297C841C}.Debug|Any CPU.Build.0 = Debug|Any CPU
		{B63A68AC-B15A-47D9-B593-C395297C841C}.Release|Any CPU.ActiveCfg = Release|Any CPU
		{B63A68AC-B15A-47D9-B593-C395297C841C}.Release|Any CPU.Build.0 = Release|Any CPU
	EndGlobalSection
	GlobalSection(SolutionProperties) = preSolution
		HideSolutionNode = FALSE
	EndGlobalSection
	GlobalSection(ExtensibilityGlobals) = postSolution
		SolutionGuid = {30BD02DD-C41A-4416-A2A2-A87B5A9039BC}
	EndGlobalSection
EndGlobal
